
Microsoft Visual Studio Solution File, Format Version 12.00
# Visual Studio Version 16
VisualStudioVersion = 16.0.30204.135
MinimumVisualStudioVersion = 10.0.40219.1
Project("{FAE04EC0-301F-11D3-BF4B-00C04F79EFBC}") = "ValidadorCep", "ValidadorCep.csproj", "{84C771BD-78F0-448A-925D-BA541FB2AB44}"
EndProject
Global
	GlobalSection(SolutionConfigurationPlatforms) = preSolution
		Debug|Any CPU = Debug|Any CPU
		Release|Any CPU = Release|Any CPU
	EndGlobalSection
	GlobalSection(ProjectConfigurationPlatforms) = postSolution
		{84C771BD-78F0-448A-925D-BA541FB2AB44}.Debug|Any CPU.ActiveCfg = Debug|Any CPU
		{84C771BD-78F0-448A-925D-BA541FB2AB44}.Debug|Any CPU.Build.0 = Debug|Any CPU
		{84C771BD-78F0-448A-925D-BA541FB2AB44}.Release|Any CPU.ActiveCfg = Release|Any CPU
		{84C771BD-78F0-448A-925D-BA541FB2AB44}.Release|Any CPU.Build.0 = Release|Any CPU
	EndGlobalSection
	GlobalSection(SolutionProperties) = preSolution
		HideSolutionNode = FALSE
	EndGlobalSection
	GlobalSection(ExtensibilityGlobals) = postSolution
		SolutionGuid = {B56CBFB6-D198-49DC-9B2F-3F0EE8885EF1}
	EndGlobalSection
EndGlobal
